
Microsoft Visual Studio Solution File, Format Version 12.00
# Visual Studio 14
VisualStudioVersion = 14.0.25420.1
MinimumVisualStudioVersion = 10.0.40219.1
Project("{FAE04EC0-301F-11D3-BF4B-00C04F79EFBC}") = "Checkout", "Checkout\Checkout.csproj", "{866A39FF-6D91-44E1-AA60-3FA929240F0E}"
EndProject
Project("{FAE04EC0-301F-11D3-BF4B-00C04F79EFBC}") = "Checkout.Test", "..\..\Tests\Checkout.Test\Checkout.Test.csproj", "{050DAF46-88B9-4E58-AC68-1A733884F773}"
EndProject
Global
	GlobalSection(SolutionConfigurationPlatforms) = preSolution
		Debug|Any CPU = Debug|Any CPU
		Release|Any CPU = Release|Any CPU
	EndGlobalSection
	GlobalSection(ProjectConfigurationPlatforms) = postSolution
		{866A39FF-6D91-44E1-AA60-3FA929240F0E}.Debug|Any CPU.ActiveCfg = Debug|Any CPU
		{866A39FF-6D91-44E1-AA60-3FA929240F0E}.Debug|Any CPU.Build.0 = Debug|Any CPU
		{866A39FF-6D91-44E1-AA60-3FA929240F0E}.Release|Any CPU.ActiveCfg = Release|Any CPU
		{866A39FF-6D91-44E1-AA60-3FA929240F0E}.Release|Any CPU.Build.0 = Release|Any CPU
		{050DAF46-88B9-4E58-AC68-1A733884F773}.Debug|Any CPU.ActiveCfg = Debug|Any CPU
		{050DAF46-88B9-4E58-AC68-1A733884F773}.Debug|Any CPU.Build.0 = Debug|Any CPU
		{050DAF46-88B9-4E58-AC68-1A733884F773}.Release|Any CPU.ActiveCfg = Release|Any CPU
		{050DAF46-88B9-4E58-AC68-1A733884F773}.Release|Any CPU.Build.0 = Release|Any CPU
	EndGlobalSection
	GlobalSection(SolutionProperties) = preSolution
		HideSolutionNode = FALSE
	EndGlobalSection
EndGlobal
